
Microsoft Visual Studio Solution File, Format Version 12.00
# Visual Studio Version 17
VisualStudioVersion = 17.3.32929.385
MinimumVisualStudioVersion = 10.0.40219.1
Project("{FAE04EC0-301F-11D3-BF4B-00C04F79EFBC}") = "VendingMachine", "ConsoleApp2\VendingMachine.csproj", "{E60CC980-5B60-4C4E-B5D3-F6637B901F3A}"
EndProject
Global
	GlobalSection(SolutionConfigurationPlatforms) = preSolution
		Debug|Any CPU = Debug|Any CPU
		Release|Any CPU = Release|Any CPU
	EndGlobalSection
	GlobalSection(ProjectConfigurationPlatforms) = postSolution
		{E60CC980-5B60-4C4E-B5D3-F6637B901F3A}.Debug|Any CPU.ActiveCfg = Debug|Any CPU
		{E60CC980-5B60-4C4E-B5D3-F6637B901F3A}.Debug|Any CPU.Build.0 = Debug|Any CPU
		{E60CC980-5B60-4C4E-B5D3-F6637B901F3A}.Release|Any CPU.ActiveCfg = Release|Any CPU
		{E60CC980-5B60-4C4E-B5D3-F6637B901F3A}.Release|Any CPU.Build.0 = Release|Any CPU
	EndGlobalSection
	GlobalSection(SolutionProperties) = preSolution
		HideSolutionNode = FALSE
	EndGlobalSection
	GlobalSection(ExtensibilityGlobals) = postSolution
		SolutionGuid = {A7B9C08B-333C-429C-B70E-64C49C564F50}
	EndGlobalSection
EndGlobal
